
Microsoft Visual Studio Solution File, Format Version 12.00
# Visual Studio Version 17
VisualStudioVersion = 17.0.31903.59
MinimumVisualStudioVersion = 10.0.40219.1
Project("{FAE04EC0-301F-11D3-BF4B-00C04F79EFBC}") = "MainServer", "MainServer\MainServer.csproj", "{9CDF8449-C88B-4D75-8AA3-E1077635E0DB}"
EndProject
Project("{FAE04EC0-301F-11D3-BF4B-00C04F79EFBC}") = "PaymentService", "PaymentService\PaymentService.csproj", "{2273E6FE-032F-4CAE-822F-3E68616E0C36}"
EndProject
Project("{FAE04EC0-301F-11D3-BF4B-00C04F79EFBC}") = "NotificationService", "NotificationService\NotificationService.csproj", "{3735F7EB-58C4-4C78-BF11-46FA4ACE78FE}"
EndProject
Global
	GlobalSection(SolutionConfigurationPlatforms) = preSolution
		Debug|Any CPU = Debug|Any CPU
		Debug|x64 = Debug|x64
		Debug|x86 = Debug|x86
		Release|Any CPU = Release|Any CPU
		Release|x64 = Release|x64
		Release|x86 = Release|x86
	EndGlobalSection
	GlobalSection(ProjectConfigurationPlatforms) = postSolution
		{9CDF8449-C88B-4D75-8AA3-E1077635E0DB}.Debug|Any CPU.ActiveCfg = Debug|Any CPU
		{9CDF8449-C88B-4D75-8AA3-E1077635E0DB}.Debug|Any CPU.Build.0 = Debug|Any CPU
		{9CDF8449-C88B-4D75-8AA3-E1077635E0DB}.Debug|x64.ActiveCfg = Debug|Any CPU
		{9CDF8449-C88B-4D75-8AA3-E1077635E0DB}.Debug|x64.Build.0 = Debug|Any CPU
		{9CDF8449-C88B-4D75-8AA3-E1077635E0DB}.Debug|x86.ActiveCfg = Debug|Any CPU
		{9CDF8449-C88B-4D75-8AA3-E1077635E0DB}.Debug|x86.Build.0 = Debug|Any CPU
		{9CDF8449-C88B-4D75-8AA3-E1077635E0DB}.Release|Any CPU.ActiveCfg = Release|Any CPU
		{9CDF8449-C88B-4D75-8AA3-E1077635E0DB}.Release|Any CPU.Build.0 = Release|Any CPU
		{9CDF8449-C88B-4D75-8AA3-E1077635E0DB}.Release|x64.ActiveCfg = Release|Any CPU
		{9CDF8449-C88B-4D75-8AA3-E1077635E0DB}.Release|x64.Build.0 = Release|Any CPU
		{9CDF8449-C88B-4D75-8AA3-E1077635E0DB}.Release|x86.ActiveCfg = Release|Any CPU
		{9CDF8449-C88B-4D75-8AA3-E1077635E0DB}.Release|x86.Build.0 = Release|Any CPU
		{2273E6FE-032F-4CAE-822F-3E68616E0C36}.Debug|Any CPU.ActiveCfg = Debug|Any CPU
		{2273E6FE-032F-4CAE-822F-3E68616E0C36}.Debug|Any CPU.Build.0 = Debug|Any CPU
		{2273E6FE-032F-4CAE-822F-3E68616E0C36}.Debug|x64.ActiveCfg = Debug|Any CPU
		{2273E6FE-032F-4CAE-822F-3E68616E0C36}.Debug|x64.Build.0 = Debug|Any CPU
		{2273E6FE-032F-4CAE-822F-3E68616E0C36}.Debug|x86.ActiveCfg = Debug|Any CPU
		{2273E6FE-032F-4CAE-822F-3E68616E0C36}.Debug|x86.Build.0 = Debug|Any CPU
		{2273E6FE-032F-4CAE-822F-3E68616E0C36}.Release|Any CPU.ActiveCfg = Release|Any CPU
		{2273E6FE-032F-4CAE-822F-3E68616E0C36}.Release|Any CPU.Build.0 = Release|Any CPU
		{2273E6FE-032F-4CAE-822F-3E68616E0C36}.Release|x64.ActiveCfg = Release|Any CPU
		{2273E6FE-032F-4CAE-822F-3E68616E0C36}.Release|x64.Build.0 = Release|Any CPU
		{2273E6FE-032F-4CAE-822F-3E68616E0C36}.Release|x86.ActiveCfg = Release|Any CPU
		{2273E6FE-032F-4CAE-822F-3E68616E0C36}.Release|x86.Build.0 = Release|Any CPU
		{3735F7EB-58C4-4C78-BF11-46FA4ACE78FE}.Debug|Any CPU.ActiveCfg = Debug|Any CPU
		{3735F7EB-58C4-4C78-BF11-46FA4ACE78FE}.Debug|Any CPU.Build.0 = Debug|Any CPU
		{3735F7EB-58C4-4C78-BF11-46FA4ACE78FE}.Debug|x64.ActiveCfg = Debug|Any CPU
		{3735F7EB-58C4-4C78-BF11-46FA4ACE78FE}.Debug|x64.Build.0 = Debug|Any CPU
		{3735F7EB-58C4-4C78-BF11-46FA4ACE78FE}.Debug|x86.ActiveCfg = Debug|Any CPU
		{3735F7EB-58C4-4C78-BF11-46FA4ACE78FE}.Debug|x86.Build.0 = Debug|Any CPU
		{3735F7EB-58C4-4C78-BF11-46FA4ACE78FE}.Release|Any CPU.ActiveCfg = Release|Any CPU
		{3735F7EB-58C4-4C78-BF11-46FA4ACE78FE}.Release|Any CPU.Build.0 = Release|Any CPU
		{3735F7EB-58C4-4C78-BF11-46FA4ACE78FE}.Release|x64.ActiveCfg = Release|Any CPU
		{3735F7EB-58C4-4C78-BF11-46FA4ACE78FE}.Release|x64.Build.0 = Release|Any CPU
		{3735F7EB-58C4-4C78-BF11-46FA4ACE78FE}.Release|x86.ActiveCfg = Release|Any CPU
		{3735F7EB-58C4-4C78-BF11-46FA4ACE78FE}.Release|x86.Build.0 = Release|Any CPU
	EndGlobalSection
	GlobalSection(SolutionProperties) = preSolution
		HideSolutionNode = FALSE
	EndGlobalSection
EndGlobal
